
Microsoft Visual Studio Solution File, Format Version 11.00
# Visual Studio 2010
Project("{8BC9CEB8-8B4A-11D0-8D11-00A0C91BC942}") = "libm3", "lib\libm3.vcxproj", "{FDC6CEFF-971F-4F01-B059-E11AECCF4D50}"
EndProject
Project("{FAE04EC0-301F-11D3-BF4B-00C04F79EFBC}") = "libm3.net", "libm3.net\libm3.net.csproj", "{2C7E111F-196A-4D07-A20F-48537F710958}"
EndProject
Project("{FAE04EC0-301F-11D3-BF4B-00C04F79EFBC}") = "ModelLoader", "ModelLoader\ModelLoader.csproj", "{5647B67E-F1B7-40D4-ABCD-E2B1F49F7F63}"
EndProject
Global
	GlobalSection(SolutionConfigurationPlatforms) = preSolution
		Debug|Any CPU = Debug|Any CPU
		Debug|Mixed Platforms = Debug|Mixed Platforms
		Debug|Win32 = Debug|Win32
		Debug|x64 = Debug|x64
		Debug|x86 = Debug|x86
		DebugUnicode|Any CPU = DebugUnicode|Any CPU
		DebugUnicode|Mixed Platforms = DebugUnicode|Mixed Platforms
		DebugUnicode|Win32 = DebugUnicode|Win32
		DebugUnicode|x64 = DebugUnicode|x64
		DebugUnicode|x86 = DebugUnicode|x86
		Hybrid|Any CPU = Hybrid|Any CPU
		Hybrid|Mixed Platforms = Hybrid|Mixed Platforms
		Hybrid|Win32 = Hybrid|Win32
		Hybrid|x64 = Hybrid|x64
		Hybrid|x86 = Hybrid|x86
		HybridUnicode|Any CPU = HybridUnicode|Any CPU
		HybridUnicode|Mixed Platforms = HybridUnicode|Mixed Platforms
		HybridUnicode|Win32 = HybridUnicode|Win32
		HybridUnicode|x64 = HybridUnicode|x64
		HybridUnicode|x86 = HybridUnicode|x86
		Release|Any CPU = Release|Any CPU
		Release|Mixed Platforms = Release|Mixed Platforms
		Release|Win32 = Release|Win32
		Release|x64 = Release|x64
		Release|x86 = Release|x86
		ReleaseUnicode|Any CPU = ReleaseUnicode|Any CPU
		ReleaseUnicode|Mixed Platforms = ReleaseUnicode|Mixed Platforms
		ReleaseUnicode|Win32 = ReleaseUnicode|Win32
		ReleaseUnicode|x64 = ReleaseUnicode|x64
		ReleaseUnicode|x86 = ReleaseUnicode|x86
	EndGlobalSection
	GlobalSection(ProjectConfigurationPlatforms) = postSolution
		{FDC6CEFF-971F-4F01-B059-E11AECCF4D50}.Debug|Any CPU.ActiveCfg = Debug|Win32
		{FDC6CEFF-971F-4F01-B059-E11AECCF4D50}.Debug|Mixed Platforms.ActiveCfg = Debug|Win32
		{FDC6CEFF-971F-4F01-B059-E11AECCF4D50}.Debug|Mixed Platforms.Build.0 = Debug|Win32
		{FDC6CEFF-971F-4F01-B059-E11AECCF4D50}.Debug|Win32.ActiveCfg = Debug|Win32
		{FDC6CEFF-971F-4F01-B059-E11AECCF4D50}.Debug|Win32.Build.0 = Debug|Win32
		{FDC6CEFF-971F-4F01-B059-E11AECCF4D50}.Debug|x64.ActiveCfg = Debug|Win32
		{FDC6CEFF-971F-4F01-B059-E11AECCF4D50}.Debug|x86.ActiveCfg = Debug|Win32
		{FDC6CEFF-971F-4F01-B059-E11AECCF4D50}.DebugUnicode|Any CPU.ActiveCfg = Debug|Win32
		{FDC6CEFF-971F-4F01-B059-E11AECCF4D50}.DebugUnicode|Mixed Platforms.ActiveCfg = Debug|Win32
		{FDC6CEFF-971F-4F01-B059-E11AECCF4D50}.DebugUnicode|Mixed Platforms.Build.0 = Debug|Win32
		{FDC6CEFF-971F-4F01-B059-E11AECCF4D50}.DebugUnicode|Win32.ActiveCfg = Debug|Win32
		{FDC6CEFF-971F-4F01-B059-E11AECCF4D50}.DebugUnicode|Win32.Build.0 = Debug|Win32
		{FDC6CEFF-971F-4F01-B059-E11AECCF4D50}.DebugUnicode|x64.ActiveCfg = Debug|Win32
		{FDC6CEFF-971F-4F01-B059-E11AECCF4D50}.DebugUnicode|x86.ActiveCfg = Debug|Win32
		{FDC6CEFF-971F-4F01-B059-E11AECCF4D50}.Hybrid|Any CPU.ActiveCfg = Release|Win32
		{FDC6CEFF-971F-4F01-B059-E11AECCF4D50}.Hybrid|Mixed Platforms.ActiveCfg = Release|Win32
		{FDC6CEFF-971F-4F01-B059-E11AECCF4D50}.Hybrid|Mixed Platforms.Build.0 = Release|Win32
		{FDC6CEFF-971F-4F01-B059-E11AECCF4D50}.Hybrid|Win32.ActiveCfg = Release|Win32
		{FDC6CEFF-971F-4F01-B059-E11AECCF4D50}.Hybrid|Win32.Build.0 = Release|Win32
		{FDC6CEFF-971F-4F01-B059-E11AECCF4D50}.Hybrid|x64.ActiveCfg = Release|Win32
		{FDC6CEFF-971F-4F01-B059-E11AECCF4D50}.Hybrid|x86.ActiveCfg = Release|Win32
		{FDC6CEFF-971F-4F01-B059-E11AECCF4D50}.HybridUnicode|Any CPU.ActiveCfg = Release|Win32
		{FDC6CEFF-971F-4F01-B059-E11AECCF4D50}.HybridUnicode|Mixed Platforms.ActiveCfg = Release|Win32
		{FDC6CEFF-971F-4F01-B059-E11AECCF4D50}.HybridUnicode|Mixed Platforms.Build.0 = Release|Win32
		{FDC6CEFF-971F-4F01-B059-E11AECCF4D50}.HybridUnicode|Win32.ActiveCfg = Release|Win32
		{FDC6CEFF-971F-4F01-B059-E11AECCF4D50}.HybridUnicode|Win32.Build.0 = Release|Win32
		{FDC6CEFF-971F-4F01-B059-E11AECCF4D50}.HybridUnicode|x64.ActiveCfg = Release|Win32
		{FDC6CEFF-971F-4F01-B059-E11AECCF4D50}.HybridUnicode|x86.ActiveCfg = Release|Win32
		{FDC6CEFF-971F-4F01-B059-E11AECCF4D50}.Release|Any CPU.ActiveCfg = Release|Win32
		{FDC6CEFF-971F-4F01-B059-E11AECCF4D50}.Release|Mixed Platforms.ActiveCfg = Release|Win32
		{FDC6CEFF-971F-4F01-B059-E11AECCF4D50}.Release|Mixed Platforms.Build.0 = Release|Win32
		{FDC6CEFF-971F-4F01-B059-E11AECCF4D50}.Release|Win32.ActiveCfg = Release|Win32
		{FDC6CEFF-971F-4F01-B059-E11AECCF4D50}.Release|Win32.Build.0 = Release|Win32
		{FDC6CEFF-971F-4F01-B059-E11AECCF4D50}.Release|x64.ActiveCfg = Release|Win32
		{FDC6CEFF-971F-4F01-B059-E11AECCF4D50}.Release|x86.ActiveCfg = Release|Win32
		{FDC6CEFF-971F-4F01-B059-E11AECCF4D50}.ReleaseUnicode|Any CPU.ActiveCfg = Release|Win32
		{FDC6CEFF-971F-4F01-B059-E11AECCF4D50}.ReleaseUnicode|Mixed Platforms.ActiveCfg = Release|Win32
		{FDC6CEFF-971F-4F01-B059-E11AECCF4D50}.ReleaseUnicode|Mixed Platforms.Build.0 = Release|Win32
		{FDC6CEFF-971F-4F01-B059-E11AECCF4D50}.ReleaseUnicode|Win32.ActiveCfg = Release|Win32
		{FDC6CEFF-971F-4F01-B059-E11AECCF4D50}.ReleaseUnicode|Win32.Build.0 = Release|Win32
		{FDC6CEFF-971F-4F01-B059-E11AECCF4D50}.ReleaseUnicode|x64.ActiveCfg = Release|Win32
		{FDC6CEFF-971F-4F01-B059-E11AECCF4D50}.ReleaseUnicode|x86.ActiveCfg = Release|Win32
		{2C7E111F-196A-4D07-A20F-48537F710958}.Debug|Any CPU.ActiveCfg = Debug|Any CPU
		{2C7E111F-196A-4D07-A20F-48537F710958}.Debug|Any CPU.Build.0 = Debug|Any CPU
		{2C7E111F-196A-4D07-A20F-48537F710958}.Debug|Mixed Platforms.ActiveCfg = Debug|Any CPU
		{2C7E111F-196A-4D07-A20F-48537F710958}.Debug|Mixed Platforms.Build.0 = Debug|Any CPU
		{2C7E111F-196A-4D07-A20F-48537F710958}.Debug|Win32.ActiveCfg = Debug|Any CPU
		{2C7E111F-196A-4D07-A20F-48537F710958}.Debug|x64.ActiveCfg = Debug|Any CPU
		{2C7E111F-196A-4D07-A20F-48537F710958}.Debug|x86.ActiveCfg = Debug|Any CPU
		{2C7E111F-196A-4D07-A20F-48537F710958}.DebugUnicode|Any CPU.ActiveCfg = Debug|Any CPU
		{2C7E111F-196A-4D07-A20F-48537F710958}.DebugUnicode|Any CPU.Build.0 = Debug|Any CPU
		{2C7E111F-196A-4D07-A20F-48537F710958}.DebugUnicode|Mixed Platforms.ActiveCfg = Debug|Any CPU
		{2C7E111F-196A-4D07-A20F-48537F710958}.DebugUnicode|Mixed Platforms.Build.0 = Debug|Any CPU
		{2C7E111F-196A-4D07-A20F-48537F710958}.DebugUnicode|Win32.ActiveCfg = Debug|Any CPU
		{2C7E111F-196A-4D07-A20F-48537F710958}.DebugUnicode|x64.ActiveCfg = Debug|Any CPU
		{2C7E111F-196A-4D07-A20F-48537F710958}.DebugUnicode|x86.ActiveCfg = Debug|Any CPU
		{2C7E111F-196A-4D07-A20F-48537F710958}.Hybrid|Any CPU.ActiveCfg = Release|Any CPU
		{2C7E111F-196A-4D07-A20F-48537F710958}.Hybrid|Any CPU.Build.0 = Release|Any CPU
		{2C7E111F-196A-4D07-A20F-48537F710958}.Hybrid|Mixed Platforms.ActiveCfg = Release|Any CPU
		{2C7E111F-196A-4D07-A20F-48537F710958}.Hybrid|Mixed Platforms.Build.0 = Release|Any CPU
		{2C7E111F-196A-4D07-A20F-48537F710958}.Hybrid|Win32.ActiveCfg = Release|Any CPU
		{2C7E111F-196A-4D07-A20F-48537F710958}.Hybrid|x64.ActiveCfg = Release|Any CPU
		{2C7E111F-196A-4D07-A20F-48537F710958}.Hybrid|x86.ActiveCfg = Release|Any CPU
		{2C7E111F-196A-4D07-A20F-48537F710958}.HybridUnicode|Any CPU.ActiveCfg = Release|Any CPU
		{2C7E111F-196A-4D07-A20F-48537F710958}.HybridUnicode|Any CPU.Build.0 = Release|Any CPU
		{2C7E111F-196A-4D07-A20F-48537F710958}.HybridUnicode|Mixed Platforms.ActiveCfg = Release|Any CPU
		{2C7E111F-196A-4D07-A20F-48537F710958}.HybridUnicode|Mixed Platforms.Build.0 = Release|Any CPU
		{2C7E111F-196A-4D07-A20F-48537F710958}.HybridUnicode|Win32.ActiveCfg = Release|Any CPU
		{2C7E111F-196A-4D07-A20F-48537F710958}.HybridUnicode|x64.ActiveCfg = Release|Any CPU
		{2C7E111F-196A-4D07-A20F-48537F710958}.HybridUnicode|x86.ActiveCfg = Release|Any CPU
		{2C7E111F-196A-4D07-A20F-48537F710958}.Release|Any CPU.ActiveCfg = Release|Any CPU
		{2C7E111F-196A-4D07-A20F-48537F710958}.Release|Any CPU.Build.0 = Release|Any CPU
		{2C7E111F-196A-4D07-A20F-48537F710958}.Release|Mixed Platforms.ActiveCfg = Release|Any CPU
		{2C7E111F-196A-4D07-A20F-48537F710958}.Release|Mixed Platforms.Build.0 = Release|Any CPU
		{2C7E111F-196A-4D07-A20F-48537F710958}.Release|Win32.ActiveCfg = Release|Any CPU
		{2C7E111F-196A-4D07-A20F-48537F710958}.Release|x64.ActiveCfg = Release|Any CPU
		{2C7E111F-196A-4D07-A20F-48537F710958}.Release|x86.ActiveCfg = Release|Any CPU
		{2C7E111F-196A-4D07-A20F-48537F710958}.ReleaseUnicode|Any CPU.ActiveCfg = Release|Any CPU
		{2C7E111F-196A-4D07-A20F-48537F710958}.ReleaseUnicode|Any CPU.Build.0 = Release|Any CPU
		{2C7E111F-196A-4D07-A20F-48537F710958}.ReleaseUnicode|Mixed Platforms.ActiveCfg = Release|Any CPU
		{2C7E111F-196A-4D07-A20F-48537F710958}.ReleaseUnicode|Mixed Platforms.Build.0 = Release|Any CPU
		{2C7E111F-196A-4D07-A20F-48537F710958}.ReleaseUnicode|Win32.ActiveCfg = Release|Any CPU
		{2C7E111F-196A-4D07-A20F-48537F710958}.ReleaseUnicode|x64.ActiveCfg = Release|Any CPU
		{2C7E111F-196A-4D07-A20F-48537F710958}.ReleaseUnicode|x86.ActiveCfg = Release|Any CPU
		{5647B67E-F1B7-40D4-ABCD-E2B1F49F7F63}.Debug|Any CPU.ActiveCfg = Debug|x86
		{5647B67E-F1B7-40D4-ABCD-E2B1F49F7F63}.Debug|Mixed Platforms.ActiveCfg = Debug|x86
		{5647B67E-F1B7-40D4-ABCD-E2B1F49F7F63}.Debug|Mixed Platforms.Build.0 = Debug|x86
		{5647B67E-F1B7-40D4-ABCD-E2B1F49F7F63}.Debug|Win32.ActiveCfg = Debug|x86
		{5647B67E-F1B7-40D4-ABCD-E2B1F49F7F63}.Debug|x64.ActiveCfg = Debug|x86
		{5647B67E-F1B7-40D4-ABCD-E2B1F49F7F63}.Debug|x86.ActiveCfg = Debug|x86
		{5647B67E-F1B7-40D4-ABCD-E2B1F49F7F63}.Debug|x86.Build.0 = Debug|x86
		{5647B67E-F1B7-40D4-ABCD-E2B1F49F7F63}.DebugUnicode|Any CPU.ActiveCfg = Debug|x86
		{5647B67E-F1B7-40D4-ABCD-E2B1F49F7F63}.DebugUnicode|Mixed Platforms.ActiveCfg = Debug|x86
		{5647B67E-F1B7-40D4-ABCD-E2B1F49F7F63}.DebugUnicode|Mixed Platforms.Build.0 = Debug|x86
		{5647B67E-F1B7-40D4-ABCD-E2B1F49F7F63}.DebugUnicode|Win32.ActiveCfg = Debug|x86
		{5647B67E-F1B7-40D4-ABCD-E2B1F49F7F63}.DebugUnicode|x64.ActiveCfg = Debug|x86
		{5647B67E-F1B7-40D4-ABCD-E2B1F49F7F63}.DebugUnicode|x86.ActiveCfg = Debug|x86
		{5647B67E-F1B7-40D4-ABCD-E2B1F49F7F63}.DebugUnicode|x86.Build.0 = Debug|x86
		{5647B67E-F1B7-40D4-ABCD-E2B1F49F7F63}.Hybrid|Any CPU.ActiveCfg = Release|x86
		{5647B67E-F1B7-40D4-ABCD-E2B1F49F7F63}.Hybrid|Mixed Platforms.ActiveCfg = Release|x86
		{5647B67E-F1B7-40D4-ABCD-E2B1F49F7F63}.Hybrid|Mixed Platforms.Build.0 = Release|x86
		{5647B67E-F1B7-40D4-ABCD-E2B1F49F7F63}.Hybrid|Win32.ActiveCfg = Release|x86
		{5647B67E-F1B7-40D4-ABCD-E2B1F49F7F63}.Hybrid|x64.ActiveCfg = Release|x86
		{5647B67E-F1B7-40D4-ABCD-E2B1F49F7F63}.Hybrid|x86.ActiveCfg = Release|x86
		{5647B67E-F1B7-40D4-ABCD-E2B1F49F7F63}.Hybrid|x86.Build.0 = Release|x86
		{5647B67E-F1B7-40D4-ABCD-E2B1F49F7F63}.HybridUnicode|Any CPU.ActiveCfg = Release|x86
		{5647B67E-F1B7-40D4-ABCD-E2B1F49F7F63}.HybridUnicode|Mixed Platforms.ActiveCfg = Release|x86
		{5647B67E-F1B7-40D4-ABCD-E2B1F49F7F63}.HybridUnicode|Mixed Platforms.Build.0 = Release|x86
		{5647B67E-F1B7-40D4-ABCD-E2B1F49F7F63}.HybridUnicode|Win32.ActiveCfg = Release|x86
		{5647B67E-F1B7-40D4-ABCD-E2B1F49F7F63}.HybridUnicode|x64.ActiveCfg = Release|x86
		{5647B67E-F1B7-40D4-ABCD-E2B1F49F7F63}.HybridUnicode|x86.ActiveCfg = Release|x86
		{5647B67E-F1B7-40D4-ABCD-E2B1F49F7F63}.HybridUnicode|x86.Build.0 = Release|x86
		{5647B67E-F1B7-40D4-ABCD-E2B1F49F7F63}.Release|Any CPU.ActiveCfg = Release|x86
		{5647B67E-F1B7-40D4-ABCD-E2B1F49F7F63}.Release|Mixed Platforms.ActiveCfg = Release|x86
		{5647B67E-F1B7-40D4-ABCD-E2B1F49F7F63}.Release|Mixed Platforms.Build.0 = Release|x86
		{5647B67E-F1B7-40D4-ABCD-E2B1F49F7F63}.Release|Win32.ActiveCfg = Release|x86
		{5647B67E-F1B7-40D4-ABCD-E2B1F49F7F63}.Release|x64.ActiveCfg = Release|x86
		{5647B67E-F1B7-40D4-ABCD-E2B1F49F7F63}.Release|x86.ActiveCfg = Release|x86
		{5647B67E-F1B7-40D4-ABCD-E2B1F49F7F63}.Release|x86.Build.0 = Release|x86
		{5647B67E-F1B7-40D4-ABCD-E2B1F49F7F63}.ReleaseUnicode|Any CPU.ActiveCfg = Release|x86
		{5647B67E-F1B7-40D4-ABCD-E2B1F49F7F63}.ReleaseUnicode|Mixed Platforms.ActiveCfg = Release|x86
		{5647B67E-F1B7-40D4-ABCD-E2B1F49F7F63}.ReleaseUnicode|Mixed Platforms.Build.0 = Release|x86
		{5647B67E-F1B7-40D4-ABCD-E2B1F49F7F63}.ReleaseUnicode|Win32.ActiveCfg = Release|x86
		{5647B67E-F1B7-40D4-ABCD-E2B1F49F7F63}.ReleaseUnicode|x64.ActiveCfg = Release|x86
		{5647B67E-F1B7-40D4-ABCD-E2B1F49F7F63}.ReleaseUnicode|x86.ActiveCfg = Release|x86
		{5647B67E-F1B7-40D4-ABCD-E2B1F49F7F63}.ReleaseUnicode|x86.Build.0 = Release|x86
	EndGlobalSection
	GlobalSection(SolutionProperties) = preSolution
		HideSolutionNode = FALSE
	EndGlobalSection
EndGlobal
