
Microsoft Visual Studio Solution File, Format Version 10.00
# Visual Studio 2008
Project("{8BC9CEB8-8B4A-11D0-8D11-00A0C91BC942}") = "libm3", "lib\libm3.vcproj", "{FDC6CEFF-971F-4F01-B059-E11AECCF4D50}"
EndProject
Project("{8BC9CEB8-8B4A-11D0-8D11-00A0C91BC942}") = "test", "test\test.vcproj", "{3A804321-9397-42E4-9953-534526E8D597}"
EndProject
Project("{8BC9CEB8-8B4A-11D0-8D11-00A0C91BC942}") = "ObjConv", "ObjConv\ObjConv.vcproj", "{AA6BADDC-61C5-4D61-ABD1-645F2ADB88FF}"
EndProject
Project("{8BC9CEB8-8B4A-11D0-8D11-00A0C91BC942}") = "3dsImport", "3dsImport\3dsImport.vcproj", "{E7CB76AA-6113-46BA-8EBC-8AE1D2B81210}"
EndProject
Global
	GlobalSection(SolutionConfigurationPlatforms) = preSolution
		Debug|Mixed Platforms = Debug|Mixed Platforms
		Debug|Win32 = Debug|Win32
		Debug|x64 = Debug|x64
		DebugUnicode|Mixed Platforms = DebugUnicode|Mixed Platforms
		DebugUnicode|Win32 = DebugUnicode|Win32
		DebugUnicode|x64 = DebugUnicode|x64
		Hybrid|Mixed Platforms = Hybrid|Mixed Platforms
		Hybrid|Win32 = Hybrid|Win32
		Hybrid|x64 = Hybrid|x64
		HybridUnicode|Mixed Platforms = HybridUnicode|Mixed Platforms
		HybridUnicode|Win32 = HybridUnicode|Win32
		HybridUnicode|x64 = HybridUnicode|x64
		Release|Mixed Platforms = Release|Mixed Platforms
		Release|Win32 = Release|Win32
		Release|x64 = Release|x64
		ReleaseUnicode|Mixed Platforms = ReleaseUnicode|Mixed Platforms
		ReleaseUnicode|Win32 = ReleaseUnicode|Win32
		ReleaseUnicode|x64 = ReleaseUnicode|x64
	EndGlobalSection
	GlobalSection(ProjectConfigurationPlatforms) = postSolution
		{FDC6CEFF-971F-4F01-B059-E11AECCF4D50}.Debug|Mixed Platforms.ActiveCfg = Debug|Win32
		{FDC6CEFF-971F-4F01-B059-E11AECCF4D50}.Debug|Mixed Platforms.Build.0 = Debug|Win32
		{FDC6CEFF-971F-4F01-B059-E11AECCF4D50}.Debug|Win32.ActiveCfg = Debug|Win32
		{FDC6CEFF-971F-4F01-B059-E11AECCF4D50}.Debug|Win32.Build.0 = Debug|Win32
		{FDC6CEFF-971F-4F01-B059-E11AECCF4D50}.Debug|x64.ActiveCfg = Debug|Win32
		{FDC6CEFF-971F-4F01-B059-E11AECCF4D50}.DebugUnicode|Mixed Platforms.ActiveCfg = Debug|Win32
		{FDC6CEFF-971F-4F01-B059-E11AECCF4D50}.DebugUnicode|Mixed Platforms.Build.0 = Debug|Win32
		{FDC6CEFF-971F-4F01-B059-E11AECCF4D50}.DebugUnicode|Win32.ActiveCfg = Debug|Win32
		{FDC6CEFF-971F-4F01-B059-E11AECCF4D50}.DebugUnicode|Win32.Build.0 = Debug|Win32
		{FDC6CEFF-971F-4F01-B059-E11AECCF4D50}.DebugUnicode|x64.ActiveCfg = Debug|Win32
		{FDC6CEFF-971F-4F01-B059-E11AECCF4D50}.Hybrid|Mixed Platforms.ActiveCfg = Release|Win32
		{FDC6CEFF-971F-4F01-B059-E11AECCF4D50}.Hybrid|Mixed Platforms.Build.0 = Release|Win32
		{FDC6CEFF-971F-4F01-B059-E11AECCF4D50}.Hybrid|Win32.ActiveCfg = Release|Win32
		{FDC6CEFF-971F-4F01-B059-E11AECCF4D50}.Hybrid|Win32.Build.0 = Release|Win32
		{FDC6CEFF-971F-4F01-B059-E11AECCF4D50}.Hybrid|x64.ActiveCfg = Release|Win32
		{FDC6CEFF-971F-4F01-B059-E11AECCF4D50}.HybridUnicode|Mixed Platforms.ActiveCfg = Release|Win32
		{FDC6CEFF-971F-4F01-B059-E11AECCF4D50}.HybridUnicode|Mixed Platforms.Build.0 = Release|Win32
		{FDC6CEFF-971F-4F01-B059-E11AECCF4D50}.HybridUnicode|Win32.ActiveCfg = Release|Win32
		{FDC6CEFF-971F-4F01-B059-E11AECCF4D50}.HybridUnicode|Win32.Build.0 = Release|Win32
		{FDC6CEFF-971F-4F01-B059-E11AECCF4D50}.HybridUnicode|x64.ActiveCfg = Release|Win32
		{FDC6CEFF-971F-4F01-B059-E11AECCF4D50}.Release|Mixed Platforms.ActiveCfg = Release|Win32
		{FDC6CEFF-971F-4F01-B059-E11AECCF4D50}.Release|Mixed Platforms.Build.0 = Release|Win32
		{FDC6CEFF-971F-4F01-B059-E11AECCF4D50}.Release|Win32.ActiveCfg = Release|Win32
		{FDC6CEFF-971F-4F01-B059-E11AECCF4D50}.Release|Win32.Build.0 = Release|Win32
		{FDC6CEFF-971F-4F01-B059-E11AECCF4D50}.Release|x64.ActiveCfg = Release|Win32
		{FDC6CEFF-971F-4F01-B059-E11AECCF4D50}.ReleaseUnicode|Mixed Platforms.ActiveCfg = Release|Win32
		{FDC6CEFF-971F-4F01-B059-E11AECCF4D50}.ReleaseUnicode|Mixed Platforms.Build.0 = Release|Win32
		{FDC6CEFF-971F-4F01-B059-E11AECCF4D50}.ReleaseUnicode|Win32.ActiveCfg = Release|Win32
		{FDC6CEFF-971F-4F01-B059-E11AECCF4D50}.ReleaseUnicode|Win32.Build.0 = Release|Win32
		{FDC6CEFF-971F-4F01-B059-E11AECCF4D50}.ReleaseUnicode|x64.ActiveCfg = Release|Win32
		{3A804321-9397-42E4-9953-534526E8D597}.Debug|Mixed Platforms.ActiveCfg = Debug|Win32
		{3A804321-9397-42E4-9953-534526E8D597}.Debug|Mixed Platforms.Build.0 = Debug|Win32
		{3A804321-9397-42E4-9953-534526E8D597}.Debug|Win32.ActiveCfg = Debug|Win32
		{3A804321-9397-42E4-9953-534526E8D597}.Debug|Win32.Build.0 = Debug|Win32
		{3A804321-9397-42E4-9953-534526E8D597}.Debug|x64.ActiveCfg = Debug|Win32
		{3A804321-9397-42E4-9953-534526E8D597}.DebugUnicode|Mixed Platforms.ActiveCfg = Debug|Win32
		{3A804321-9397-42E4-9953-534526E8D597}.DebugUnicode|Mixed Platforms.Build.0 = Debug|Win32
		{3A804321-9397-42E4-9953-534526E8D597}.DebugUnicode|Win32.ActiveCfg = Debug|Win32
		{3A804321-9397-42E4-9953-534526E8D597}.DebugUnicode|Win32.Build.0 = Debug|Win32
		{3A804321-9397-42E4-9953-534526E8D597}.DebugUnicode|x64.ActiveCfg = Debug|Win32
		{3A804321-9397-42E4-9953-534526E8D597}.Hybrid|Mixed Platforms.ActiveCfg = Release|Win32
		{3A804321-9397-42E4-9953-534526E8D597}.Hybrid|Mixed Platforms.Build.0 = Release|Win32
		{3A804321-9397-42E4-9953-534526E8D597}.Hybrid|Win32.ActiveCfg = Release|Win32
		{3A804321-9397-42E4-9953-534526E8D597}.Hybrid|Win32.Build.0 = Release|Win32
		{3A804321-9397-42E4-9953-534526E8D597}.Hybrid|x64.ActiveCfg = Release|Win32
		{3A804321-9397-42E4-9953-534526E8D597}.HybridUnicode|Mixed Platforms.ActiveCfg = Release|Win32
		{3A804321-9397-42E4-9953-534526E8D597}.HybridUnicode|Mixed Platforms.Build.0 = Release|Win32
		{3A804321-9397-42E4-9953-534526E8D597}.HybridUnicode|Win32.ActiveCfg = Release|Win32
		{3A804321-9397-42E4-9953-534526E8D597}.HybridUnicode|Win32.Build.0 = Release|Win32
		{3A804321-9397-42E4-9953-534526E8D597}.HybridUnicode|x64.ActiveCfg = Release|Win32
		{3A804321-9397-42E4-9953-534526E8D597}.Release|Mixed Platforms.ActiveCfg = Release|Win32
		{3A804321-9397-42E4-9953-534526E8D597}.Release|Mixed Platforms.Build.0 = Release|Win32
		{3A804321-9397-42E4-9953-534526E8D597}.Release|Win32.ActiveCfg = Release|Win32
		{3A804321-9397-42E4-9953-534526E8D597}.Release|Win32.Build.0 = Release|Win32
		{3A804321-9397-42E4-9953-534526E8D597}.Release|x64.ActiveCfg = Release|Win32
		{3A804321-9397-42E4-9953-534526E8D597}.ReleaseUnicode|Mixed Platforms.ActiveCfg = Release|Win32
		{3A804321-9397-42E4-9953-534526E8D597}.ReleaseUnicode|Mixed Platforms.Build.0 = Release|Win32
		{3A804321-9397-42E4-9953-534526E8D597}.ReleaseUnicode|Win32.ActiveCfg = Release|Win32
		{3A804321-9397-42E4-9953-534526E8D597}.ReleaseUnicode|Win32.Build.0 = Release|Win32
		{3A804321-9397-42E4-9953-534526E8D597}.ReleaseUnicode|x64.ActiveCfg = Release|Win32
		{AA6BADDC-61C5-4D61-ABD1-645F2ADB88FF}.Debug|Mixed Platforms.ActiveCfg = Debug|Win32
		{AA6BADDC-61C5-4D61-ABD1-645F2ADB88FF}.Debug|Mixed Platforms.Build.0 = Debug|Win32
		{AA6BADDC-61C5-4D61-ABD1-645F2ADB88FF}.Debug|Win32.ActiveCfg = Debug|Win32
		{AA6BADDC-61C5-4D61-ABD1-645F2ADB88FF}.Debug|Win32.Build.0 = Debug|Win32
		{AA6BADDC-61C5-4D61-ABD1-645F2ADB88FF}.Debug|x64.ActiveCfg = Debug|Win32
		{AA6BADDC-61C5-4D61-ABD1-645F2ADB88FF}.DebugUnicode|Mixed Platforms.ActiveCfg = Debug|Win32
		{AA6BADDC-61C5-4D61-ABD1-645F2ADB88FF}.DebugUnicode|Mixed Platforms.Build.0 = Debug|Win32
		{AA6BADDC-61C5-4D61-ABD1-645F2ADB88FF}.DebugUnicode|Win32.ActiveCfg = Debug|Win32
		{AA6BADDC-61C5-4D61-ABD1-645F2ADB88FF}.DebugUnicode|Win32.Build.0 = Debug|Win32
		{AA6BADDC-61C5-4D61-ABD1-645F2ADB88FF}.DebugUnicode|x64.ActiveCfg = Debug|Win32
		{AA6BADDC-61C5-4D61-ABD1-645F2ADB88FF}.Hybrid|Mixed Platforms.ActiveCfg = Release|Win32
		{AA6BADDC-61C5-4D61-ABD1-645F2ADB88FF}.Hybrid|Mixed Platforms.Build.0 = Release|Win32
		{AA6BADDC-61C5-4D61-ABD1-645F2ADB88FF}.Hybrid|Win32.ActiveCfg = Release|Win32
		{AA6BADDC-61C5-4D61-ABD1-645F2ADB88FF}.Hybrid|Win32.Build.0 = Release|Win32
		{AA6BADDC-61C5-4D61-ABD1-645F2ADB88FF}.Hybrid|x64.ActiveCfg = Release|Win32
		{AA6BADDC-61C5-4D61-ABD1-645F2ADB88FF}.HybridUnicode|Mixed Platforms.ActiveCfg = Release|Win32
		{AA6BADDC-61C5-4D61-ABD1-645F2ADB88FF}.HybridUnicode|Mixed Platforms.Build.0 = Release|Win32
		{AA6BADDC-61C5-4D61-ABD1-645F2ADB88FF}.HybridUnicode|Win32.ActiveCfg = Release|Win32
		{AA6BADDC-61C5-4D61-ABD1-645F2ADB88FF}.HybridUnicode|Win32.Build.0 = Release|Win32
		{AA6BADDC-61C5-4D61-ABD1-645F2ADB88FF}.HybridUnicode|x64.ActiveCfg = Release|Win32
		{AA6BADDC-61C5-4D61-ABD1-645F2ADB88FF}.Release|Mixed Platforms.ActiveCfg = Release|Win32
		{AA6BADDC-61C5-4D61-ABD1-645F2ADB88FF}.Release|Mixed Platforms.Build.0 = Release|Win32
		{AA6BADDC-61C5-4D61-ABD1-645F2ADB88FF}.Release|Win32.ActiveCfg = Release|Win32
		{AA6BADDC-61C5-4D61-ABD1-645F2ADB88FF}.Release|Win32.Build.0 = Release|Win32
		{AA6BADDC-61C5-4D61-ABD1-645F2ADB88FF}.Release|x64.ActiveCfg = Release|Win32
		{AA6BADDC-61C5-4D61-ABD1-645F2ADB88FF}.ReleaseUnicode|Mixed Platforms.ActiveCfg = Release|Win32
		{AA6BADDC-61C5-4D61-ABD1-645F2ADB88FF}.ReleaseUnicode|Mixed Platforms.Build.0 = Release|Win32
		{AA6BADDC-61C5-4D61-ABD1-645F2ADB88FF}.ReleaseUnicode|Win32.ActiveCfg = Release|Win32
		{AA6BADDC-61C5-4D61-ABD1-645F2ADB88FF}.ReleaseUnicode|Win32.Build.0 = Release|Win32
		{AA6BADDC-61C5-4D61-ABD1-645F2ADB88FF}.ReleaseUnicode|x64.ActiveCfg = Release|Win32
		{E7CB76AA-6113-46BA-8EBC-8AE1D2B81210}.Debug|Mixed Platforms.ActiveCfg = Debug|x64
		{E7CB76AA-6113-46BA-8EBC-8AE1D2B81210}.Debug|Mixed Platforms.Build.0 = Debug|x64
		{E7CB76AA-6113-46BA-8EBC-8AE1D2B81210}.Debug|Win32.ActiveCfg = Debug|Win32
		{E7CB76AA-6113-46BA-8EBC-8AE1D2B81210}.Debug|Win32.Build.0 = Debug|Win32
		{E7CB76AA-6113-46BA-8EBC-8AE1D2B81210}.Debug|x64.ActiveCfg = Debug|x64
		{E7CB76AA-6113-46BA-8EBC-8AE1D2B81210}.Debug|x64.Build.0 = Debug|x64
		{E7CB76AA-6113-46BA-8EBC-8AE1D2B81210}.DebugUnicode|Mixed Platforms.ActiveCfg = DebugUnicode|x64
		{E7CB76AA-6113-46BA-8EBC-8AE1D2B81210}.DebugUnicode|Mixed Platforms.Build.0 = DebugUnicode|x64
		{E7CB76AA-6113-46BA-8EBC-8AE1D2B81210}.DebugUnicode|Win32.ActiveCfg = DebugUnicode|Win32
		{E7CB76AA-6113-46BA-8EBC-8AE1D2B81210}.DebugUnicode|Win32.Build.0 = DebugUnicode|Win32
		{E7CB76AA-6113-46BA-8EBC-8AE1D2B81210}.DebugUnicode|x64.ActiveCfg = DebugUnicode|x64
		{E7CB76AA-6113-46BA-8EBC-8AE1D2B81210}.DebugUnicode|x64.Build.0 = DebugUnicode|x64
		{E7CB76AA-6113-46BA-8EBC-8AE1D2B81210}.Hybrid|Mixed Platforms.ActiveCfg = Hybrid|x64
		{E7CB76AA-6113-46BA-8EBC-8AE1D2B81210}.Hybrid|Mixed Platforms.Build.0 = Hybrid|x64
		{E7CB76AA-6113-46BA-8EBC-8AE1D2B81210}.Hybrid|Win32.ActiveCfg = Hybrid|Win32
		{E7CB76AA-6113-46BA-8EBC-8AE1D2B81210}.Hybrid|Win32.Build.0 = Hybrid|Win32
		{E7CB76AA-6113-46BA-8EBC-8AE1D2B81210}.Hybrid|x64.ActiveCfg = Hybrid|x64
		{E7CB76AA-6113-46BA-8EBC-8AE1D2B81210}.Hybrid|x64.Build.0 = Hybrid|x64
		{E7CB76AA-6113-46BA-8EBC-8AE1D2B81210}.HybridUnicode|Mixed Platforms.ActiveCfg = HybridUnicode|x64
		{E7CB76AA-6113-46BA-8EBC-8AE1D2B81210}.HybridUnicode|Mixed Platforms.Build.0 = HybridUnicode|x64
		{E7CB76AA-6113-46BA-8EBC-8AE1D2B81210}.HybridUnicode|Win32.ActiveCfg = HybridUnicode|Win32
		{E7CB76AA-6113-46BA-8EBC-8AE1D2B81210}.HybridUnicode|Win32.Build.0 = HybridUnicode|Win32
		{E7CB76AA-6113-46BA-8EBC-8AE1D2B81210}.HybridUnicode|x64.ActiveCfg = HybridUnicode|x64
		{E7CB76AA-6113-46BA-8EBC-8AE1D2B81210}.HybridUnicode|x64.Build.0 = HybridUnicode|x64
		{E7CB76AA-6113-46BA-8EBC-8AE1D2B81210}.Release|Mixed Platforms.ActiveCfg = Release|Win32
		{E7CB76AA-6113-46BA-8EBC-8AE1D2B81210}.Release|Mixed Platforms.Build.0 = Release|Win32
		{E7CB76AA-6113-46BA-8EBC-8AE1D2B81210}.Release|Win32.ActiveCfg = Release|Win32
		{E7CB76AA-6113-46BA-8EBC-8AE1D2B81210}.Release|Win32.Build.0 = Release|Win32
		{E7CB76AA-6113-46BA-8EBC-8AE1D2B81210}.Release|x64.ActiveCfg = Release|x64
		{E7CB76AA-6113-46BA-8EBC-8AE1D2B81210}.Release|x64.Build.0 = Release|x64
		{E7CB76AA-6113-46BA-8EBC-8AE1D2B81210}.ReleaseUnicode|Mixed Platforms.ActiveCfg = ReleaseUnicode|x64
		{E7CB76AA-6113-46BA-8EBC-8AE1D2B81210}.ReleaseUnicode|Mixed Platforms.Build.0 = ReleaseUnicode|x64
		{E7CB76AA-6113-46BA-8EBC-8AE1D2B81210}.ReleaseUnicode|Win32.ActiveCfg = ReleaseUnicode|Win32
		{E7CB76AA-6113-46BA-8EBC-8AE1D2B81210}.ReleaseUnicode|Win32.Build.0 = ReleaseUnicode|Win32
		{E7CB76AA-6113-46BA-8EBC-8AE1D2B81210}.ReleaseUnicode|x64.ActiveCfg = ReleaseUnicode|x64
		{E7CB76AA-6113-46BA-8EBC-8AE1D2B81210}.ReleaseUnicode|x64.Build.0 = ReleaseUnicode|x64
	EndGlobalSection
	GlobalSection(SolutionProperties) = preSolution
		HideSolutionNode = FALSE
	EndGlobalSection
EndGlobal
